// !$*UTF8*$!
{
	archiveVersion = 1;
	classes = {
	};
	objectVersion = 56;
	objects = {

/* Begin PBXBuildFile section */
		97D48B5C2B85D02A0050BFAF /* GitHubSearchApp.swift in Sources */ = {isa = PBXBuildFile; fileRef = 97D48B5B2B85D02A0050BFAF /* GitHubSearchApp.swift */; };
		97D48B5E2B85D02A0050BFAF /* ContentView.swift in Sources */ = {isa = PBXBuildFile; fileRef = 97D48B5D2B85D02A0050BFAF /* ContentView.swift */; };
		97D48B602B85D02B0050BFAF /* Assets.xcassets in Resources */ = {isa = PBXBuildFile; fileRef = 97D48B5F2B85D02B0050BFAF /* Assets.xcassets */; };
		97D48B632B85D02B0050BFAF /* Preview Assets.xcassets in Resources */ = {isa = PBXBuildFile; fileRef = 97D48B622B85D02B0050BFAF /* Preview Assets.xcassets */; };
		97D48B6D2B85D02C0050BFAF /* GitHubSearchTests.swift in Sources */ = {isa = PBXBuildFile; fileRef = 97D48B6C2B85D02C0050BFAF /* GitHubSearchTests.swift */; };
		97D48B772B85D02C0050BFAF /* GitHubSearchUITests.swift in Sources */ = {isa = PBXBuildFile; fileRef = 97D48B762B85D02C0050BFAF /* GitHubSearchUITests.swift */; };
		97D48B792B85D02C0050BFAF /* GitHubSearchUITestsLaunchTests.swift in Sources */ = {isa = PBXBuildFile; fileRef = 97D48B782B85D02C0050BFAF /* GitHubSearchUITestsLaunchTests.swift */; };
		97D48B872B85D06E0050BFAF /* GitHubUser.swift in Sources */ = {isa = PBXBuildFile; fileRef = 97D48B862B85D06E0050BFAF /* GitHubUser.swift */; };
		97D48B892B85D0880050BFAF /* FollowingUser.swift in Sources */ = {isa = PBXBuildFile; fileRef = 97D48B882B85D0880050BFAF /* FollowingUser.swift */; };
		97D48B8F2B85D1400050BFAF /* UserView.swift in Sources */ = {isa = PBXBuildFile; fileRef = 97D48B8E2B85D1400050BFAF /* UserView.swift */; };
		97D48B912B85D16C0050BFAF /* DetailsView.swift in Sources */ = {isa = PBXBuildFile; fileRef = 97D48B902B85D16C0050BFAF /* DetailsView.swift */; };
		97D48B932B85D1A50050BFAF /* FollowingUserView.swift in Sources */ = {isa = PBXBuildFile; fileRef = 97D48B922B85D1A50050BFAF /* FollowingUserView.swift */; };
		97D48B962B85D1D60050BFAF /* NetworkHelper.swift in Sources */ = {isa = PBXBuildFile; fileRef = 97D48B952B85D1D60050BFAF /* NetworkHelper.swift */; };
		97D48B982B85D1E80050BFAF /* HttpMethods.swift in Sources */ = {isa = PBXBuildFile; fileRef = 97D48B972B85D1E80050BFAF /* HttpMethods.swift */; };
		97D48B9B2B85D24B0050BFAF /* GHError.swift in Sources */ = {isa = PBXBuildFile; fileRef = 97D48B9A2B85D24B0050BFAF /* GHError.swift */; };
		97D48B9D2B85D3D10050BFAF /* SearchView.swift in Sources */ = {isa = PBXBuildFile; fileRef = 97D48B9C2B85D3D10050BFAF /* SearchView.swift */; };
/* End PBXBuildFile section */

/* Begin PBXContainerItemProxy section */
		97D48B692B85D02C0050BFAF /* PBXContainerItemProxy */ = {
			isa = PBXContainerItemProxy;
			containerPortal = 97D48B502B85D02A0050BFAF /* Project object */;
			proxyType = 1;
			remoteGlobalIDString = 97D48B572B85D02A0050BFAF;
			remoteInfo = GitHubSearch;
		};
		97D48B732B85D02C0050BFAF /* PBXContainerItemProxy */ = {
			isa = PBXContainerItemProxy;
			containerPortal = 97D48B502B85D02A0050BFAF /* Project object */;
			proxyType = 1;
			remoteGlobalIDString = 97D48B572B85D02A0050BFAF;
			remoteInfo = GitHubSearch;
		};
/* End PBXContainerItemProxy section */

/* Begin PBXFileReference section */
		97D48B582B85D02A0050BFAF /* GitHubSearch.app */ = {isa = PBXFileReference; explicitFileType = wrapper.application; includeInIndex = 0; path = GitHubSearch.app; sourceTree = BUILT_PRODUCTS_DIR; };
		97D48B5B2B85D02A0050BFAF /* GitHubSearchApp.swift */ = {isa = PBXFileReference; lastKnownFileType = sourcecode.swift; path = GitHubSearchApp.swift; sourceTree = "<group>"; };
		97D48B5D2B85D02A0050BFAF /* ContentView.swift */ = {isa = PBXFileReference; lastKnownFileType = sourcecode.swift; path = ContentView.swift; sourceTree = "<group>"; };
		97D48B5F2B85D02B0050BFAF /* Assets.xcassets */ = {isa = PBXFileReference; lastKnownFileType = folder.assetcatalog; path = Assets.xcassets; sourceTree = "<group>"; };
		97D48B622B85D02B0050BFAF /* Preview Assets.xcassets */ = {isa = PBXFileReference; lastKnownFileType = folder.assetcatalog; path = "Preview Assets.xcassets"; sourceTree = "<group>"; };
		97D48B682B85D02C0050BFAF /* GitHubSearchTests.xctest */ = {isa = PBXFileReference; explicitFileType = wrapper.cfbundle; includeInIndex = 0; path = GitHubSearchTests.xctest; sourceTree = BUILT_PRODUCTS_DIR; };
		97D48B6C2B85D02C0050BFAF /* GitHubSearchTests.swift */ = {isa = PBXFileReference; lastKnownFileType = sourcecode.swift; path = GitHubSearchTests.swift; sourceTree = "<group>"; };
		97D48B722B85D02C0050BFAF /* GitHubSearchUITests.xctest */ = {isa = PBXFileReference; explicitFileType = wrapper.cfbundle; includeInIndex = 0; path = GitHubSearchUITests.xctest; sourceTree = BUILT_PRODUCTS_DIR; };
		97D48B762B85D02C0050BFAF /* GitHubSearchUITests.swift */ = {isa = PBXFileReference; lastKnownFileType = sourcecode.swift; path = GitHubSearchUITests.swift; sourceTree = "<group>"; };
		97D48B782B85D02C0050BFAF /* GitHubSearchUITestsLaunchTests.swift */ = {isa = PBXFileReference; lastKnownFileType = sourcecode.swift; path = GitHubSearchUITestsLaunchTests.swift; sourceTree = "<group>"; };
		97D48B862B85D06E0050BFAF /* GitHubUser.swift */ = {isa = PBXFileReference; lastKnownFileType = sourcecode.swift; path = GitHubUser.swift; sourceTree = "<group>"; };
		97D48B882B85D0880050BFAF /* FollowingUser.swift */ = {isa = PBXFileReference; lastKnownFileType = sourcecode.swift; path = FollowingUser.swift; sourceTree = "<group>"; };
		97D48B8E2B85D1400050BFAF /* UserView.swift */ = {isa = PBXFileReference; lastKnownFileType = sourcecode.swift; path = UserView.swift; sourceTree = "<group>"; };
		97D48B902B85D16C0050BFAF /* DetailsView.swift */ = {isa = PBXFileReference; lastKnownFileType = sourcecode.swift; path = DetailsView.swift; sourceTree = "<group>"; };
		97D48B922B85D1A50050BFAF /* FollowingUserView.swift */ = {isa = PBXFileReference; lastKnownFileType = sourcecode.swift; path = FollowingUserView.swift; sourceTree = "<group>"; };
		97D48B952B85D1D60050BFAF /* NetworkHelper.swift */ = {isa = PBXFileReference; lastKnownFileType = sourcecode.swift; path = NetworkHelper.swift; sourceTree = "<group>"; };
		97D48B972B85D1E80050BFAF /* HttpMethods.swift */ = {isa = PBXFileReference; lastKnownFileType = sourcecode.swift; path = HttpMethods.swift; sourceTree = "<group>"; };
		97D48B9A2B85D24B0050BFAF /* GHError.swift */ = {isa = PBXFileReference; lastKnownFileType = sourcecode.swift; path = GHError.swift; sourceTree = "<group>"; };
		97D48B9C2B85D3D10050BFAF /* SearchView.swift */ = {isa = PBXFileReference; lastKnownFileType = sourcecode.swift; path = SearchView.swift; sourceTree = "<group>"; };
/* End PBXFileReference section */

/* Begin PBXFrameworksBuildPhase section */
		97D48B552B85D02A0050BFAF /* Frameworks */ = {
			isa = PBXFrameworksBuildPhase;
			buildActionMask = 2147483647;
			files = (
			);
			runOnlyForDeploymentPostprocessing = 0;
		};
		97D48B652B85D02C0050BFAF /* Frameworks */ = {
			isa = PBXFrameworksBuildPhase;
			buildActionMask = 2147483647;
			files = (
			);
			runOnlyForDeploymentPostprocessing = 0;
		};
		97D48B6F2B85D02C0050BFAF /* Frameworks */ = {
			isa = PBXFrameworksBuildPhase;
			buildActionMask = 2147483647;
			files = (
			);
			runOnlyForDeploymentPostprocessing = 0;
		};
/* End PBXFrameworksBuildPhase section */

/* Begin PBXGroup section */
		97D48B4F2B85D02A0050BFAF = {
			isa = PBXGroup;
			children = (
				97D48B5A2B85D02A0050BFAF /* GitHubSearch */,
				97D48B6B2B85D02C0050BFAF /* GitHubSearchTests */,
				97D48B752B85D02C0050BFAF /* GitHubSearchUITests */,
				97D48B592B85D02A0050BFAF /* Products */,
			);
			sourceTree = "<group>";
		};
		97D48B592B85D02A0050BFAF /* Products */ = {
			isa = PBXGroup;
			children = (
				97D48B582B85D02A0050BFAF /* GitHubSearch.app */,
				97D48B682B85D02C0050BFAF /* GitHubSearchTests.xctest */,
				97D48B722B85D02C0050BFAF /* GitHubSearchUITests.xctest */,
			);
			name = Products;
			sourceTree = "<group>";
		};
		97D48B5A2B85D02A0050BFAF /* GitHubSearch */ = {
			isa = PBXGroup;
			children = (
				97D48B992B85D23C0050BFAF /* Error */,
				97D48B942B85D1C50050BFAF /* Helper */,
				97D48B8B2B85D0DD0050BFAF /* View */,
				97D48B852B85D0510050BFAF /* Model */,
				97D48B5B2B85D02A0050BFAF /* GitHubSearchApp.swift */,
				97D48B5D2B85D02A0050BFAF /* ContentView.swift */,
				97D48B5F2B85D02B0050BFAF /* Assets.xcassets */,
				97D48B612B85D02B0050BFAF /* Preview Content */,
			);
			path = GitHubSearch;
			sourceTree = "<group>";
		};
		97D48B612B85D02B0050BFAF /* Preview Content */ = {
			isa = PBXGroup;
			children = (
				97D48B622B85D02B0050BFAF /* Preview Assets.xcassets */,
			);
			path = "Preview Content";
			sourceTree = "<group>";
		};
		97D48B6B2B85D02C0050BFAF /* GitHubSearchTests */ = {
			isa = PBXGroup;
			children = (
				97D48B6C2B85D02C0050BFAF /* GitHubSearchTests.swift */,
			);
			path = GitHubSearchTests;
			sourceTree = "<group>";
		};
		97D48B752B85D02C0050BFAF /* GitHubSearchUITests */ = {
			isa = PBXGroup;
			children = (
				97D48B762B85D02C0050BFAF /* GitHubSearchUITests.swift */,
				97D48B782B85D02C0050BFAF /* GitHubSearchUITestsLaunchTests.swift */,
			);
			path = GitHubSearchUITests;
			sourceTree = "<group>";
		};
		97D48B852B85D0510050BFAF /* Model */ = {
			isa = PBXGroup;
			children = (
				97D48B862B85D06E0050BFAF /* GitHubUser.swift */,
				97D48B882B85D0880050BFAF /* FollowingUser.swift */,
			);
			path = Model;
			sourceTree = "<group>";
		};
		97D48B8B2B85D0DD0050BFAF /* View */ = {
			isa = PBXGroup;
			children = (
				97D48B8E2B85D1400050BFAF /* UserView.swift */,
				97D48B902B85D16C0050BFAF /* DetailsView.swift */,
				97D48B922B85D1A50050BFAF /* FollowingUserView.swift */,
				97D48B9C2B85D3D10050BFAF /* SearchView.swift */,
			);
			path = View;
			sourceTree = "<group>";
		};
		97D48B942B85D1C50050BFAF /* Helper */ = {
			isa = PBXGroup;
			children = (
				97D48B952B85D1D60050BFAF /* NetworkHelper.swift */,
				97D48B972B85D1E80050BFAF /* HttpMethods.swift */,
			);
			path = Helper;
			sourceTree = "<group>";
		};
		97D48B992B85D23C0050BFAF /* Error */ = {
			isa = PBXGroup;
			children = (
				97D48B9A2B85D24B0050BFAF /* GHError.swift */,
			);
			path = Error;
			sourceTree = "<group>";
		};
/* End PBXGroup section */

/* Begin PBXNativeTarget section */
		97D48B572B85D02A0050BFAF /* GitHubSearch */ = {
			isa = PBXNativeTarget;
			buildConfigurationList = 97D48B7C2B85D02C0050BFAF /* Build configuration list for PBXNativeTarget "GitHubSearch" */;
			buildPhases = (
				97D48B542B85D02A0050BFAF /* Sources */,
				97D48B552B85D02A0050BFAF /* Frameworks */,
				97D48B562B85D02A0050BFAF /* Resources */,
			);
			buildRules = (
			);
			dependencies = (
			);
			name = GitHubSearch;
			productName = GitHubSearch;
			productReference = 97D48B582B85D02A0050BFAF /* GitHubSearch.app */;
			productType = "com.apple.product-type.application";
		};
		97D48B672B85D02C0050BFAF /* GitHubSearchTests */ = {
			isa = PBXNativeTarget;
			buildConfigurationList = 97D48B7F2B85D02C0050BFAF /* Build configuration list for PBXNativeTarget "GitHubSearchTests" */;
			buildPhases = (
				97D48B642B85D02C0050BFAF /* Sources */,
				97D48B652B85D02C0050BFAF /* Frameworks */,
				97D48B662B85D02C0050BFAF /* Resources */,
			);
			buildRules = (
			);
			dependencies = (
				97D48B6A2B85D02C0050BFAF /* PBXTargetDependency */,
			);
			name = GitHubSearchTests;
			productName = GitHubSearchTests;
			productReference = 97D48B682B85D02C0050BFAF /* GitHubSearchTests.xctest */;
			productType = "com.apple.product-type.bundle.unit-test";
		};
		97D48B712B85D02C0050BFAF /* GitHubSearchUITests */ = {
			isa = PBXNativeTarget;
			buildConfigurationList = 97D48B822B85D02C0050BFAF /* Build configuration list for PBXNativeTarget "GitHubSearchUITests" */;
			buildPhases = (
				97D48B6E2B85D02C0050BFAF /* Sources */,
				97D48B6F2B85D02C0050BFAF /* Frameworks */,
				97D48B702B85D02C0050BFAF /* Resources */,
			);
			buildRules = (
			);
			dependencies = (
				97D48B742B85D02C0050BFAF /* PBXTargetDependency */,
			);
			name = GitHubSearchUITests;
			productName = GitHubSearchUITests;
			productReference = 97D48B722B85D02C0050BFAF /* GitHubSearchUITests.xctest */;
			productType = "com.apple.product-type.bundle.ui-testing";
		};
/* End PBXNativeTarget section */

/* Begin PBXProject section */
		97D48B502B85D02A0050BFAF /* Project object */ = {
			isa = PBXProject;
			attributes = {
				BuildIndependentTargetsInParallel = 1;
				LastSwiftUpdateCheck = 1520;
				LastUpgradeCheck = 1520;
				TargetAttributes = {
					97D48B572B85D02A0050BFAF = {
						CreatedOnToolsVersion = 15.2;
					};
					97D48B672B85D02C0050BFAF = {
						CreatedOnToolsVersion = 15.2;
						TestTargetID = 97D48B572B85D02A0050BFAF;
					};
					97D48B712B85D02C0050BFAF = {
						CreatedOnToolsVersion = 15.2;
						TestTargetID = 97D48B572B85D02A0050BFAF;
					};
				};
			};
			buildConfigurationList = 97D48B532B85D02A0050BFAF /* Build configuration list for PBXProject "GitHubSearch" */;
			compatibilityVersion = "Xcode 14.0";
			developmentRegion = en;
			hasScannedForEncodings = 0;
			knownRegions = (
				en,
				Base,
			);
			mainGroup = 97D48B4F2B85D02A0050BFAF;
			productRefGroup = 97D48B592B85D02A0050BFAF /* Products */;
			projectDirPath = "";
			projectRoot = "";
			targets = (
				97D48B572B85D02A0050BFAF /* GitHubSearch */,
				97D48B672B85D02C0050BFAF /* GitHubSearchTests */,
				97D48B712B85D02C0050BFAF /* GitHubSearchUITests */,
			);
		};
/* End PBXProject section */

/* Begin PBXResourcesBuildPhase section */
		97D48B562B85D02A0050BFAF /* Resources */ = {
			isa = PBXResourcesBuildPhase;
			buildActionMask = 2147483647;
			files = (
				97D48B632B85D02B0050BFAF /* Preview Assets.xcassets in Resources */,
				97D48B602B85D02B0050BFAF /* Assets.xcassets in Resources */,
			);
			runOnlyForDeploymentPostprocessing = 0;
		};
		97D48B662B85D02C0050BFAF /* Resources */ = {
			isa = PBXResourcesBuildPhase;
			buildActionMask = 2147483647;
			files = (
			);
			runOnlyForDeploymentPostprocessing = 0;
		};
		97D48B702B85D02C0050BFAF /* Resources */ = {
			isa = PBXResourcesBuildPhase;
			buildActionMask = 2147483647;
			files = (
			);
			runOnlyForDeploymentPostprocessing = 0;
		};
/* End PBXResourcesBuildPhase section */

/* Begin PBXSourcesBuildPhase section */
		97D48B542B85D02A0050BFAF /* Sources */ = {
			isa = PBXSourcesBuildPhase;
			buildActionMask = 2147483647;
			files = (
				97D48B982B85D1E80050BFAF /* HttpMethods.swift in Sources */,
				97D48B962B85D1D60050BFAF /* NetworkHelper.swift in Sources */,
				97D48B912B85D16C0050BFAF /* DetailsView.swift in Sources */,
				97D48B8F2B85D1400050BFAF /* UserView.swift in Sources */,
				97D48B872B85D06E0050BFAF /* GitHubUser.swift in Sources */,
				97D48B5E2B85D02A0050BFAF /* ContentView.swift in Sources */,
				97D48B932B85D1A50050BFAF /* FollowingUserView.swift in Sources */,
				97D48B892B85D0880050BFAF /* FollowingUser.swift in Sources */,
				97D48B5C2B85D02A0050BFAF /* GitHubSearchApp.swift in Sources */,
				97D48B9B2B85D24B0050BFAF /* GHError.swift in Sources */,
				97D48B9D2B85D3D10050BFAF /* SearchView.swift in Sources */,
			);
			runOnlyForDeploymentPostprocessing = 0;
		};
		97D48B642B85D02C0050BFAF /* Sources */ = {
			isa = PBXSourcesBuildPhase;
			buildActionMask = 2147483647;
			files = (
				97D48B6D2B85D02C0050BFAF /* GitHubSearchTests.swift in Sources */,
			);
			runOnlyForDeploymentPostprocessing = 0;
		};
		97D48B6E2B85D02C0050BFAF /* Sources */ = {
			isa = PBXSourcesBuildPhase;
			buildActionMask = 2147483647;
			files = (
				97D48B772B85D02C0050BFAF /* GitHubSearchUITests.swift in Sources */,
				97D48B792B85D02C0050BFAF /* GitHubSearchUITestsLaunchTests.swift in Sources */,
			);
			runOnlyForDeploymentPostprocessing = 0;
		};
/* End PBXSourcesBuildPhase section */

/* Begin PBXTargetDependency section */
		97D48B6A2B85D02C0050BFAF /* PBXTargetDependency */ = {
			isa = PBXTargetDependency;
			target = 97D48B572B85D02A0050BFAF /* GitHubSearch */;
			targetProxy = 97D48B692B85D02C0050BFAF /* PBXContainerItemProxy */;
		};
		97D48B742B85D02C0050BFAF /* PBXTargetDependency */ = {
			isa = PBXTargetDependency;
			target = 97D48B572B85D02A0050BFAF /* GitHubSearch */;
			targetProxy = 97D48B732B85D02C0050BFAF /* PBXContainerItemProxy */;
		};
/* End PBXTargetDependency section */

/* Begin XCBuildConfiguration section */
		97D48B7A2B85D02C0050BFAF /* Debug */ = {
			isa = XCBuildConfiguration;
			buildSettings = {
				ALWAYS_SEARCH_USER_PATHS = NO;
				ASSETCATALOG_COMPILER_GENERATE_SWIFT_ASSET_SYMBOL_EXTENSIONS = YES;
				CLANG_ANALYZER_NONNULL = YES;
				CLANG_ANALYZER_NUMBER_OBJECT_CONVERSION = YES_AGGRESSIVE;
				CLANG_CXX_LANGUAGE_STANDARD = "gnu++20";
				CLANG_ENABLE_MODULES = YES;
				CLANG_ENABLE_OBJC_ARC = YES;
				CLANG_ENABLE_OBJC_WEAK = YES;
				CLANG_WARN_BLOCK_CAPTURE_AUTORELEASING = YES;
				CLANG_WARN_BOOL_CONVERSION = YES;
				CLANG_WARN_COMMA = YES;
				CLANG_WARN_CONSTANT_CONVERSION = YES;
				CLANG_WARN_DEPRECATED_OBJC_IMPLEMENTATIONS = YES;
				CLANG_WARN_DIRECT_OBJC_ISA_USAGE = YES_ERROR;
				CLANG_WARN_DOCUMENTATION_COMMENTS = YES;
				CLANG_WARN_EMPTY_BODY = YES;
				CLANG_WARN_ENUM_CONVERSION = YES;
				CLANG_WARN_INFINITE_RECURSION = YES;
				CLANG_WARN_INT_CONVERSION = YES;
				CLANG_WARN_NON_LITERAL_NULL_CONVERSION = YES;
				CLANG_WARN_OBJC_IMPLICIT_RETAIN_SELF = YES;
				CLANG_WARN_OBJC_LITERAL_CONVERSION = YES;
				CLANG_WARN_OBJC_ROOT_CLASS = YES_ERROR;
				CLANG_WARN_QUOTED_INCLUDE_IN_FRAMEWORK_HEADER = YES;
				CLANG_WARN_RANGE_LOOP_ANALYSIS = YES;
				CLANG_WARN_STRICT_PROTOTYPES = YES;
				CLANG_WARN_SUSPICIOUS_MOVE = YES;
				CLANG_WARN_UNGUARDED_AVAILABILITY = YES_AGGRESSIVE;
				CLANG_WARN_UNREACHABLE_CODE = YES;
				CLANG_WARN__DUPLICATE_METHOD_MATCH = YES;
				COPY_PHASE_STRIP = NO;
				DEBUG_INFORMATION_FORMAT = dwarf;
				ENABLE_STRICT_OBJC_MSGSEND = YES;
				ENABLE_TESTABILITY = YES;
				ENABLE_USER_SCRIPT_SANDBOXING = YES;
				GCC_C_LANGUAGE_STANDARD = gnu17;
				GCC_DYNAMIC_NO_PIC = NO;
				GCC_NO_COMMON_BLOCKS = YES;
				GCC_OPTIMIZATION_LEVEL = 0;
				GCC_PREPROCESSOR_DEFINITIONS = (
					"DEBUG=1",
					"$(inherited)",
				);
				GCC_WARN_64_TO_32_BIT_CONVERSION = YES;
				GCC_WARN_ABOUT_RETURN_TYPE = YES_ERROR;
				GCC_WARN_UNDECLARED_SELECTOR = YES;
				GCC_WARN_UNINITIALIZED_AUTOS = YES_AGGRESSIVE;
				GCC_WARN_UNUSED_FUNCTION = YES;
				GCC_WARN_UNUSED_VARIABLE = YES;
				IPHONEOS_DEPLOYMENT_TARGET = 17.2;
				LOCALIZATION_PREFERS_STRING_CATALOGS = YES;
				MTL_ENABLE_DEBUG_INFO = INCLUDE_SOURCE;
				MTL_FAST_MATH = YES;
				ONLY_ACTIVE_ARCH = YES;
				SDKROOT = iphoneos;
				SWIFT_ACTIVE_COMPILATION_CONDITIONS = "DEBUG $(inherited)";
				SWIFT_OPTIMIZATION_LEVEL = "-Onone";
			};
			name = Debug;
		};
		97D48B7B2B85D02C0050BFAF /* Release */ = {
			isa = XCBuildConfiguration;
			buildSettings = {
				ALWAYS_SEARCH_USER_PATHS = NO;
				ASSETCATALOG_COMPILER_GENERATE_SWIFT_ASSET_SYMBOL_EXTENSIONS = YES;
				CLANG_ANALYZER_NONNULL = YES;
				CLANG_ANALYZER_NUMBER_OBJECT_CONVERSION = YES_AGGRESSIVE;
				CLANG_CXX_LANGUAGE_STANDARD = "gnu++20";
				CLANG_ENABLE_MODULES = YES;
				CLANG_ENABLE_OBJC_ARC = YES;
				CLANG_ENABLE_OBJC_WEAK = YES;
				CLANG_WARN_BLOCK_CAPTURE_AUTORELEASING = YES;
				CLANG_WARN_BOOL_CONVERSION = YES;
				CLANG_WARN_COMMA = YES;
				CLANG_WARN_CONSTANT_CONVERSION = YES;
				CLANG_WARN_DEPRECATED_OBJC_IMPLEMENTATIONS = YES;
				CLANG_WARN_DIRECT_OBJC_ISA_USAGE = YES_ERROR;
				CLANG_WARN_DOCUMENTATION_COMMENTS = YES;
				CLANG_WARN_EMPTY_BODY = YES;
				CLANG_WARN_ENUM_CONVERSION = YES;
				CLANG_WARN_INFINITE_RECURSION = YES;
				CLANG_WARN_INT_CONVERSION = YES;
				CLANG_WARN_NON_LITERAL_NULL_CONVERSION = YES;
				CLANG_WARN_OBJC_IMPLICIT_RETAIN_SELF = YES;
				CLANG_WARN_OBJC_LITERAL_CONVERSION = YES;
				CLANG_WARN_OBJC_ROOT_CLASS = YES_ERROR;
				CLANG_WARN_QUOTED_INCLUDE_IN_FRAMEWORK_HEADER = YES;
				CLANG_WARN_RANGE_LOOP_ANALYSIS = YES;
				CLANG_WARN_STRICT_PROTOTYPES = YES;
				CLANG_WARN_SUSPICIOUS_MOVE = YES;
				CLANG_WARN_UNGUARDED_AVAILABILITY = YES_AGGRESSIVE;
				CLANG_WARN_UNREACHABLE_CODE = YES;
				CLANG_WARN__DUPLICATE_METHOD_MATCH = YES;
				COPY_PHASE_STRIP = NO;
				DEBUG_INFORMATION_FORMAT = "dwarf-with-dsym";
				ENABLE_NS_ASSERTIONS = NO;
				ENABLE_STRICT_OBJC_MSGSEND = YES;
				ENABLE_USER_SCRIPT_SANDBOXING = YES;
				GCC_C_LANGUAGE_STANDARD = gnu17;
				GCC_NO_COMMON_BLOCKS = YES;
				GCC_WARN_64_TO_32_BIT_CONVERSION = YES;
				GCC_WARN_ABOUT_RETURN_TYPE = YES_ERROR;
				GCC_WARN_UNDECLARED_SELECTOR = YES;
				GCC_WARN_UNINITIALIZED_AUTOS = YES_AGGRESSIVE;
				GCC_WARN_UNUSED_FUNCTION = YES;
				GCC_WARN_UNUSED_VARIABLE = YES;
				IPHONEOS_DEPLOYMENT_TARGET = 17.2;
				LOCALIZATION_PREFERS_STRING_CATALOGS = YES;
				MTL_ENABLE_DEBUG_INFO = NO;
				MTL_FAST_MATH = YES;
				SDKROOT = iphoneos;
				SWIFT_COMPILATION_MODE = wholemodule;
				VALIDATE_PRODUCT = YES;
			};
			name = Release;
		};
		97D48B7D2B85D02C0050BFAF /* Debug */ = {
			isa = XCBuildConfiguration;
			buildSettings = {
				ASSETCATALOG_COMPILER_APPICON_NAME = AppIcon;
				ASSETCATALOG_COMPILER_GLOBAL_ACCENT_COLOR_NAME = AccentColor;
				CODE_SIGN_STYLE = Automatic;
				CURRENT_PROJECT_VERSION = 1;
				DEVELOPMENT_ASSET_PATHS = "\"GitHubSearch/Preview Content\"";
				DEVELOPMENT_TEAM = MPQRJ8Z66U;
				ENABLE_PREVIEWS = YES;
				GENERATE_INFOPLIST_FILE = YES;
				INFOPLIST_KEY_UIApplicationSceneManifest_Generation = YES;
				INFOPLIST_KEY_UIApplicationSupportsIndirectInputEvents = YES;
				INFOPLIST_KEY_UILaunchScreen_Generation = YES;
				INFOPLIST_KEY_UISupportedInterfaceOrientations_iPad = "UIInterfaceOrientationPortrait UIInterfaceOrientationPortraitUpsideDown UIInterfaceOrientationLandscapeLeft UIInterfaceOrientationLandscapeRight";
				INFOPLIST_KEY_UISupportedInterfaceOrientations_iPhone = "UIInterfaceOrientationPortrait UIInterfaceOrientationLandscapeLeft UIInterfaceOrientationLandscapeRight";
				LD_RUNPATH_SEARCH_PATHS = (
					"$(inherited)",
					"@executable_path/Frameworks",
				);
				MARKETING_VERSION = 1.0;
				PRODUCT_BUNDLE_IDENTIFIER = com.cc.macansen.GitHubSearch;
				PRODUCT_NAME = "$(TARGET_NAME)";
				SWIFT_EMIT_LOC_STRINGS = YES;
				SWIFT_VERSION = 5.0;
				TARGETED_DEVICE_FAMILY = "1,2";
			};
			name = Debug;
		};
		97D48B7E2B85D02C0050BFAF /* Release */ = {
			isa = XCBuildConfiguration;
			buildSettings = {
				ASSETCATALOG_COMPILER_APPICON_NAME = AppIcon;
				ASSETCATALOG_COMPILER_GLOBAL_ACCENT_COLOR_NAME = AccentColor;
				CODE_SIGN_STYLE = Automatic;
				CURRENT_PROJECT_VERSION = 1;
				DEVELOPMENT_ASSET_PATHS = "\"GitHubSearch/Preview Content\"";
				DEVELOPMENT_TEAM = MPQRJ8Z66U;
				ENABLE_PREVIEWS = YES;
				GENERATE_INFOPLIST_FILE = YES;
				INFOPLIST_KEY_UIApplicationSceneManifest_Generation = YES;
				INFOPLIST_KEY_UIApplicationSupportsIndirectInputEvents = YES;
				INFOPLIST_KEY_UILaunchScreen_Generation = YES;
				INFOPLIST_KEY_UISupportedInterfaceOrientations_iPad = "UIInterfaceOrientationPortrait UIInterfaceOrientationPortraitUpsideDown UIInterfaceOrientationLandscapeLeft UIInterfaceOrientationLandscapeRight";
				INFOPLIST_KEY_UISupportedInterfaceOrientations_iPhone = "UIInterfaceOrientationPortrait UIInterfaceOrientationLandscapeLeft UIInterfaceOrientationLandscapeRight";
				LD_RUNPATH_SEARCH_PATHS = (
					"$(inherited)",
					"@executable_path/Frameworks",
				);
				MARKETING_VERSION = 1.0;
				PRODUCT_BUNDLE_IDENTIFIER = com.cc.macansen.GitHubSearch;
				PRODUCT_NAME = "$(TARGET_NAME)";
				SWIFT_EMIT_LOC_STRINGS = YES;
				SWIFT_VERSION = 5.0;
				TARGETED_DEVICE_FAMILY = "1,2";
			};
			name = Release;
		};
		97D48B802B85D02C0050BFAF /* Debug */ = {
			isa = XCBuildConfiguration;
			buildSettings = {
				ALWAYS_EMBED_SWIFT_STANDARD_LIBRARIES = YES;
				BUNDLE_LOADER = "$(TEST_HOST)";
				CODE_SIGN_STYLE = Automatic;
				CURRENT_PROJECT_VERSION = 1;
				DEVELOPMENT_TEAM = MPQRJ8Z66U;
				GENERATE_INFOPLIST_FILE = YES;
				IPHONEOS_DEPLOYMENT_TARGET = 17.2;
				MARKETING_VERSION = 1.0;
				PRODUCT_BUNDLE_IDENTIFIER = com.cc.macansen.GitHubSearchTests;
				PRODUCT_NAME = "$(TARGET_NAME)";
				SWIFT_EMIT_LOC_STRINGS = NO;
				SWIFT_VERSION = 5.0;
				TARGETED_DEVICE_FAMILY = "1,2";
				TEST_HOST = "$(BUILT_PRODUCTS_DIR)/GitHubSearch.app/$(BUNDLE_EXECUTABLE_FOLDER_PATH)/GitHubSearch";
			};
			name = Debug;
		};
		97D48B812B85D02C0050BFAF /* Release */ = {
			isa = XCBuildConfiguration;
			buildSettings = {
				ALWAYS_EMBED_SWIFT_STANDARD_LIBRARIES = YES;
				BUNDLE_LOADER = "$(TEST_HOST)";
				CODE_SIGN_STYLE = Automatic;
				CURRENT_PROJECT_VERSION = 1;
				DEVELOPMENT_TEAM = MPQRJ8Z66U;
				GENERATE_INFOPLIST_FILE = YES;
				IPHONEOS_DEPLOYMENT_TARGET = 17.2;
				MARKETING_VERSION = 1.0;
				PRODUCT_BUNDLE_IDENTIFIER = com.cc.macansen.GitHubSearchTests;
				PRODUCT_NAME = "$(TARGET_NAME)";
				SWIFT_EMIT_LOC_STRINGS = NO;
				SWIFT_VERSION = 5.0;
				TARGETED_DEVICE_FAMILY = "1,2";
				TEST_HOST = "$(BUILT_PRODUCTS_DIR)/GitHubSearch.app/$(BUNDLE_EXECUTABLE_FOLDER_PATH)/GitHubSearch";
			};
			name = Release;
		};
		97D48B832B85D02C0050BFAF /* Debug */ = {
			isa = XCBuildConfiguration;
			buildSettings = {
				ALWAYS_EMBED_SWIFT_STANDARD_LIBRARIES = YES;
				CODE_SIGN_STYLE = Automatic;
				CURRENT_PROJECT_VERSION = 1;
				DEVELOPMENT_TEAM = MPQRJ8Z66U;
				GENERATE_INFOPLIST_FILE = YES;
				MARKETING_VERSION = 1.0;
				PRODUCT_BUNDLE_IDENTIFIER = com.cc.macansen.GitHubSearchUITests;
				PRODUCT_NAME = "$(TARGET_NAME)";
				SWIFT_EMIT_LOC_STRINGS = NO;
				SWIFT_VERSION = 5.0;
				TARGETED_DEVICE_FAMILY = "1,2";
				TEST_TARGET_NAME = GitHubSearch;
			};
			name = Debug;
		};
		97D48B842B85D02C0050BFAF /* Release */ = {
			isa = XCBuildConfiguration;
			buildSettings = {
				ALWAYS_EMBED_SWIFT_STANDARD_LIBRARIES = YES;
				CODE_SIGN_STYLE = Automatic;
				CURRENT_PROJECT_VERSION = 1;
				DEVELOPMENT_TEAM = MPQRJ8Z66U;
				GENERATE_INFOPLIST_FILE = YES;
				MARKETING_VERSION = 1.0;
				PRODUCT_BUNDLE_IDENTIFIER = com.cc.macansen.GitHubSearchUITests;
				PRODUCT_NAME = "$(TARGET_NAME)";
				SWIFT_EMIT_LOC_STRINGS = NO;
				SWIFT_VERSION = 5.0;
				TARGETED_DEVICE_FAMILY = "1,2";
				TEST_TARGET_NAME = GitHubSearch;
			};
			name = Release;
		};
/* End XCBuildConfiguration section */

/* Begin XCConfigurationList section */
		97D48B532B85D02A0050BFAF /* Build configuration list for PBXProject "GitHubSearch" */ = {
			isa = XCConfigurationList;
			buildConfigurations = (
				97D48B7A2B85D02C0050BFAF /* Debug */,
				97D48B7B2B85D02C0050BFAF /* Release */,
			);
			defaultConfigurationIsVisible = 0;
			defaultConfigurationName = Release;
		};
		97D48B7C2B85D02C0050BFAF /* Build configuration list for PBXNativeTarget "GitHubSearch" */ = {
			isa = XCConfigurationList;
			buildConfigurations = (
				97D48B7D2B85D02C0050BFAF /* Debug */,
				97D48B7E2B85D02C0050BFAF /* Release */,
			);
			defaultConfigurationIsVisible = 0;
			defaultConfigurationName = Release;
		};
		97D48B7F2B85D02C0050BFAF /* Build configuration list for PBXNativeTarget "GitHubSearchTests" */ = {
			isa = XCConfigurationList;
			buildConfigurations = (
				97D48B802B85D02C0050BFAF /* Debug */,
				97D48B812B85D02C0050BFAF /* Release */,
			);
			defaultConfigurationIsVisible = 0;
			defaultConfigurationName = Release;
		};
		97D48B822B85D02C0050BFAF /* Build configuration list for PBXNativeTarget "GitHubSearchUITests" */ = {
			isa = XCConfigurationList;
			buildConfigurations = (
				97D48B832B85D02C0050BFAF /* Debug */,
				97D48B842B85D02C0050BFAF /* Release */,
			);
			defaultConfigurationIsVisible = 0;
			defaultConfigurationName = Release;
		};
/* End XCConfigurationList section */
	};
	rootObject = 97D48B502B85D02A0050BFAF /* Project object */;
}
